// !$*UTF8*$!
{
	archiveVersion = 1;
	classes = {
	};
	objectVersion = 46;
	objects = {

/* Begin PBXBuildFile section */
		983421BB14F6F93A00A2EF07 /* UIKit.framework in Frameworks */ = {isa = PBXBuildFile; fileRef = 983421BA14F6F93A00A2EF07 /* UIKit.framework */; };
		983421BD14F6F93A00A2EF07 /* Foundation.framework in Frameworks */ = {isa = PBXBuildFile; fileRef = 983421BC14F6F93A00A2EF07 /* Foundation.framework */; };
		983421BF14F6F93A00A2EF07 /* CoreGraphics.framework in Frameworks */ = {isa = PBXBuildFile; fileRef = 983421BE14F6F93A00A2EF07 /* CoreGraphics.framework */; };
		983421C514F6F93A00A2EF07 /* InfoPlist.strings in Resources */ = {isa = PBXBuildFile; fileRef = 983421C314F6F93A00A2EF07 /* InfoPlist.strings */; };
		983421C714F6F93A00A2EF07 /* main.m in Sources */ = {isa = PBXBuildFile; fileRef = 983421C614F6F93A00A2EF07 /* main.m */; };
		983421CB14F6F93A00A2EF07 /* RPNCaculatorAppDelegate.m in Sources */ = {isa = PBXBuildFile; fileRef = 983421CA14F6F93A00A2EF07 /* RPNCaculatorAppDelegate.m */; };
		983421CE14F6F93A00A2EF07 /* MainStoryboard.storyboard in Resources */ = {isa = PBXBuildFile; fileRef = 983421CC14F6F93A00A2EF07 /* MainStoryboard.storyboard */; };
		983421D114F6F93A00A2EF07 /* RPNCaculatorViewController.m in Sources */ = {isa = PBXBuildFile; fileRef = 983421D014F6F93A00A2EF07 /* RPNCaculatorViewController.m */; };
		983421D814F6FA9500A2EF07 /* calc-icon.png in Resources */ = {isa = PBXBuildFile; fileRef = 983421D714F6FA9500A2EF07 /* calc-icon.png */; };
		983955CA14F9892E001D8C49 /* RPNCalculatorModel.m in Sources */ = {isa = PBXBuildFile; fileRef = 983955C914F9892E001D8C49 /* RPNCalculatorModel.m */; };
/* End PBXBuildFile section */

/* Begin PBXFileReference section */
		983421B614F6F93A00A2EF07 /* RPNCalculator.app */ = {isa = PBXFileReference; explicitFileType = wrapper.application; includeInIndex = 0; path = RPNCalculator.app; sourceTree = BUILT_PRODUCTS_DIR; };
		983421BA14F6F93A00A2EF07 /* UIKit.framework */ = {isa = PBXFileReference; lastKnownFileType = wrapper.framework; name = UIKit.framework; path = System/Library/Frameworks/UIKit.framework; sourceTree = SDKROOT; };
		983421BC14F6F93A00A2EF07 /* Foundation.framework */ = {isa = PBXFileReference; lastKnownFileType = wrapper.framework; name = Foundation.framework; path = System/Library/Frameworks/Foundation.framework; sourceTree = SDKROOT; };
		983421BE14F6F93A00A2EF07 /* CoreGraphics.framework */ = {isa = PBXFileReference; lastKnownFileType = wrapper.framework; name = CoreGraphics.framework; path = System/Library/Frameworks/CoreGraphics.framework; sourceTree = SDKROOT; };
		983421C214F6F93A00A2EF07 /* RPNCalculator-Info.plist */ = {isa = PBXFileReference; lastKnownFileType = text.plist.xml; path = "RPNCalculator-Info.plist"; sourceTree = "<group>"; };
		983421C414F6F93A00A2EF07 /* en */ = {isa = PBXFileReference; lastKnownFileType = text.plist.strings; name = en; path = en.lproj/InfoPlist.strings; sourceTree = "<group>"; };
		983421C614F6F93A00A2EF07 /* main.m */ = {isa = PBXFileReference; lastKnownFileType = sourcecode.c.objc; path = main.m; sourceTree = "<group>"; };
		983421C814F6F93A00A2EF07 /* RPNCalculator-Prefix.pch */ = {isa = PBXFileReference; lastKnownFileType = sourcecode.c.h; path = "RPNCalculator-Prefix.pch"; sourceTree = "<group>"; };
		983421C914F6F93A00A2EF07 /* RPNCaculatorAppDelegate.h */ = {isa = PBXFileReference; lastKnownFileType = sourcecode.c.h; path = RPNCaculatorAppDelegate.h; sourceTree = "<group>"; };
		983421CA14F6F93A00A2EF07 /* RPNCaculatorAppDelegate.m */ = {isa = PBXFileReference; lastKnownFileType = sourcecode.c.objc; path = RPNCaculatorAppDelegate.m; sourceTree = "<group>"; };
		983421CD14F6F93A00A2EF07 /* en */ = {isa = PBXFileReference; lastKnownFileType = file.storyboard; name = en; path = en.lproj/MainStoryboard.storyboard; sourceTree = "<group>"; };
		983421CF14F6F93A00A2EF07 /* RPNCaculatorViewController.h */ = {isa = PBXFileReference; lastKnownFileType = sourcecode.c.h; path = RPNCaculatorViewController.h; sourceTree = "<group>"; };
		983421D014F6F93A00A2EF07 /* RPNCaculatorViewController.m */ = {isa = PBXFileReference; lastKnownFileType = sourcecode.c.objc; path = RPNCaculatorViewController.m; sourceTree = "<group>"; };
		983421D714F6FA9500A2EF07 /* calc-icon.png */ = {isa = PBXFileReference; lastKnownFileType = image.png; path = "calc-icon.png"; sourceTree = "<group>"; };
		983955C814F9892E001D8C49 /* RPNCalculatorModel.h */ = {isa = PBXFileReference; fileEncoding = 4; lastKnownFileType = sourcecode.c.h; path = RPNCalculatorModel.h; sourceTree = "<group>"; };
		983955C914F9892E001D8C49 /* RPNCalculatorModel.m */ = {isa = PBXFileReference; fileEncoding = 4; lastKnownFileType = sourcecode.c.objc; path = RPNCalculatorModel.m; sourceTree = "<group>"; };
/* End PBXFileReference section */

/* Begin PBXFrameworksBuildPhase section */
		983421B314F6F93A00A2EF07 /* Frameworks */ = {
			isa = PBXFrameworksBuildPhase;
			buildActionMask = 2147483647;
			files = (
				983421BB14F6F93A00A2EF07 /* UIKit.framework in Frameworks */,
				983421BD14F6F93A00A2EF07 /* Foundation.framework in Frameworks */,
				983421BF14F6F93A00A2EF07 /* CoreGraphics.framework in Frameworks */,
			);
			runOnlyForDeploymentPostprocessing = 0;
		};
/* End PBXFrameworksBuildPhase section */

/* Begin PBXGroup section */
		983421AB14F6F93A00A2EF07 = {
			isa = PBXGroup;
			children = (
				983421D714F6FA9500A2EF07 /* calc-icon.png */,
				983421C014F6F93A00A2EF07 /* RPNCalculator */,
				983421B914F6F93A00A2EF07 /* Frameworks */,
				983421B714F6F93A00A2EF07 /* Products */,
			);
			sourceTree = "<group>";
		};
		983421B714F6F93A00A2EF07 /* Products */ = {
			isa = PBXGroup;
			children = (
				983421B614F6F93A00A2EF07 /* RPNCalculator.app */,
			);
			name = Products;
			sourceTree = "<group>";
		};
		983421B914F6F93A00A2EF07 /* Frameworks */ = {
			isa = PBXGroup;
			children = (
				983421BA14F6F93A00A2EF07 /* UIKit.framework */,
				983421BC14F6F93A00A2EF07 /* Foundation.framework */,
				983421BE14F6F93A00A2EF07 /* CoreGraphics.framework */,
			);
			name = Frameworks;
			sourceTree = "<group>";
		};
		983421C014F6F93A00A2EF07 /* RPNCalculator */ = {
			isa = PBXGroup;
			children = (
				983421C914F6F93A00A2EF07 /* RPNCaculatorAppDelegate.h */,
				983421CA14F6F93A00A2EF07 /* RPNCaculatorAppDelegate.m */,
				983421CC14F6F93A00A2EF07 /* MainStoryboard.storyboard */,
				983421CF14F6F93A00A2EF07 /* RPNCaculatorViewController.h */,
				983421D014F6F93A00A2EF07 /* RPNCaculatorViewController.m */,
				983955C814F9892E001D8C49 /* RPNCalculatorModel.h */,
				983955C914F9892E001D8C49 /* RPNCalculatorModel.m */,
				983421C114F6F93A00A2EF07 /* Supporting Files */,
			);
			path = RPNCalculator;
			sourceTree = "<group>";
		};
		983421C114F6F93A00A2EF07 /* Supporting Files */ = {
			isa = PBXGroup;
			children = (
				983421C214F6F93A00A2EF07 /* RPNCalculator-Info.plist */,
				983421C314F6F93A00A2EF07 /* InfoPlist.strings */,
				983421C614F6F93A00A2EF07 /* main.m */,
				983421C814F6F93A00A2EF07 /* RPNCalculator-Prefix.pch */,
			);
			name = "Supporting Files";
			sourceTree = "<group>";
		};
/* End PBXGroup section */

/* Begin PBXNativeTarget section */
		983421B514F6F93A00A2EF07 /* RPNCalculator */ = {
			isa = PBXNativeTarget;
			buildConfigurationList = 983421D414F6F93A00A2EF07 /* Build configuration list for PBXNativeTarget "RPNCalculator" */;
			buildPhases = (
				983421B214F6F93A00A2EF07 /* Sources */,
				983421B314F6F93A00A2EF07 /* Frameworks */,
				983421B414F6F93A00A2EF07 /* Resources */,
			);
			buildRules = (
			);
			dependencies = (
			);
			name = RPNCalculator;
			productName = RPNCalculator;
			productReference = 983421B614F6F93A00A2EF07 /* RPNCalculator.app */;
			productType = "com.apple.product-type.application";
		};
/* End PBXNativeTarget section */

/* Begin PBXProject section */
		983421AD14F6F93A00A2EF07 /* Project object */ = {
			isa = PBXProject;
			attributes = {
				LastUpgradeCheck = 0420;
			};
			buildConfigurationList = 983421B014F6F93A00A2EF07 /* Build configuration list for PBXProject "RPNCalculator" */;
			compatibilityVersion = "Xcode 3.2";
			developmentRegion = English;
			hasScannedForEncodings = 0;
			knownRegions = (
				en,
			);
			mainGroup = 983421AB14F6F93A00A2EF07;
			productRefGroup = 983421B714F6F93A00A2EF07 /* Products */;
			projectDirPath = "";
			projectRoot = "";
			targets = (
				983421B514F6F93A00A2EF07 /* RPNCalculator */,
			);
		};
/* End PBXProject section */

/* Begin PBXResourcesBuildPhase section */
		983421B414F6F93A00A2EF07 /* Resources */ = {
			isa = PBXResourcesBuildPhase;
			buildActionMask = 2147483647;
			files = (
				983421C514F6F93A00A2EF07 /* InfoPlist.strings in Resources */,
				983421CE14F6F93A00A2EF07 /* MainStoryboard.storyboard in Resources */,
				983421D814F6FA9500A2EF07 /* calc-icon.png in Resources */,
			);
			runOnlyForDeploymentPostprocessing = 0;
		};
/* End PBXResourcesBuildPhase section */

/* Begin PBXSourcesBuildPhase section */
		983421B214F6F93A00A2EF07 /* Sources */ = {
			isa = PBXSourcesBuildPhase;
			buildActionMask = 2147483647;
			files = (
				983421C714F6F93A00A2EF07 /* main.m in Sources */,
				983421CB14F6F93A00A2EF07 /* RPNCaculatorAppDelegate.m in Sources */,
				983421D114F6F93A00A2EF07 /* RPNCaculatorViewController.m in Sources */,
				983955CA14F9892E001D8C49 /* RPNCalculatorModel.m in Sources */,
			);
			runOnlyForDeploymentPostprocessing = 0;
		};
/* End PBXSourcesBuildPhase section */

/* Begin PBXVariantGroup section */
		983421C314F6F93A00A2EF07 /* InfoPlist.strings */ = {
			isa = PBXVariantGroup;
			children = (
				983421C414F6F93A00A2EF07 /* en */,
			);
			name = InfoPlist.strings;
			sourceTree = "<group>";
		};
		983421CC14F6F93A00A2EF07 /* MainStoryboard.storyboard */ = {
			isa = PBXVariantGroup;
			children = (
				983421CD14F6F93A00A2EF07 /* en */,
			);
			name = MainStoryboard.storyboard;
			sourceTree = "<group>";
		};
/* End PBXVariantGroup section */

/* Begin XCBuildConfiguration section */
		983421D214F6F93A00A2EF07 /* Debug */ = {
			isa = XCBuildConfiguration;
			buildSettings = {
				ALWAYS_SEARCH_USER_PATHS = NO;
				ARCHS = "$(ARCHS_STANDARD_32_BIT)";
				CLANG_ENABLE_OBJC_ARC = YES;
				"CODE_SIGN_IDENTITY[sdk=iphoneos*]" = "iPhone Developer";
				COPY_PHASE_STRIP = NO;
				GCC_C_LANGUAGE_STANDARD = gnu99;
				GCC_DYNAMIC_NO_PIC = NO;
				GCC_OPTIMIZATION_LEVEL = 0;
				GCC_PREPROCESSOR_DEFINITIONS = (
					"DEBUG=1",
					"$(inherited)",
				);
				GCC_SYMBOLS_PRIVATE_EXTERN = NO;
				GCC_VERSION = com.apple.compilers.llvm.clang.1_0;
				GCC_WARN_ABOUT_MISSING_PROTOTYPES = YES;
				GCC_WARN_ABOUT_RETURN_TYPE = YES;
				GCC_WARN_UNUSED_VARIABLE = YES;
				IPHONEOS_DEPLOYMENT_TARGET = 5.0;
				SDKROOT = iphoneos;
			};
			name = Debug;
		};
		983421D314F6F93A00A2EF07 /* Release */ = {
			isa = XCBuildConfiguration;
			buildSettings = {
				ALWAYS_SEARCH_USER_PATHS = NO;
				ARCHS = "$(ARCHS_STANDARD_32_BIT)";
				CLANG_ENABLE_OBJC_ARC = YES;
				"CODE_SIGN_IDENTITY[sdk=iphoneos*]" = "iPhone Developer";
				COPY_PHASE_STRIP = YES;
				GCC_C_LANGUAGE_STANDARD = gnu99;
				GCC_VERSION = com.apple.compilers.llvm.clang.1_0;
				GCC_WARN_ABOUT_MISSING_PROTOTYPES = YES;
				GCC_WARN_ABOUT_RETURN_TYPE = YES;
				GCC_WARN_UNUSED_VARIABLE = YES;
				IPHONEOS_DEPLOYMENT_TARGET = 5.0;
				OTHER_CFLAGS = "-DNS_BLOCK_ASSERTIONS=1";
				SDKROOT = iphoneos;
				VALIDATE_PRODUCT = YES;
			};
			name = Release;
		};
		983421D514F6F93A00A2EF07 /* Debug */ = {
			isa = XCBuildConfiguration;
			buildSettings = {
				GCC_PRECOMPILE_PREFIX_HEADER = YES;
				GCC_PREFIX_HEADER = "RPNCalculator/RPNCalculator-Prefix.pch";
				INFOPLIST_FILE = "RPNCalculator/RPNCalculator-Info.plist";
				PRODUCT_NAME = "$(TARGET_NAME)";
				WRAPPER_EXTENSION = app;
			};
			name = Debug;
		};
		983421D614F6F93A00A2EF07 /* Release */ = {
			isa = XCBuildConfiguration;
			buildSettings = {
				GCC_PRECOMPILE_PREFIX_HEADER = YES;
				GCC_PREFIX_HEADER = "RPNCalculator/RPNCalculator-Prefix.pch";
				INFOPLIST_FILE = "RPNCalculator/RPNCalculator-Info.plist";
				PRODUCT_NAME = "$(TARGET_NAME)";
				WRAPPER_EXTENSION = app;
			};
			name = Release;
		};
/* End XCBuildConfiguration section */

/* Begin XCConfigurationList section */
		983421B014F6F93A00A2EF07 /* Build configuration list for PBXProject "RPNCalculator" */ = {
			isa = XCConfigurationList;
			buildConfigurations = (
				983421D214F6F93A00A2EF07 /* Debug */,
				983421D314F6F93A00A2EF07 /* Release */,
			);
			defaultConfigurationIsVisible = 0;
			defaultConfigurationName = Release;
		};
		983421D414F6F93A00A2EF07 /* Build configuration list for PBXNativeTarget "RPNCalculator" */ = {
			isa = XCConfigurationList;
			buildConfigurations = (
				983421D514F6F93A00A2EF07 /* Debug */,
				983421D614F6F93A00A2EF07 /* Release */,
			);
			defaultConfigurationIsVisible = 0;
			defaultConfigurationName = Release;
		};
/* End XCConfigurationList section */
	};
	rootObject = 983421AD14F6F93A00A2EF07 /* Project object */;
}
